// !$*UTF8*$!
{
	archiveVersion = 1;
	classes = {
	};
	objectVersion = 46;
	objects = {

/* Begin PBXBuildFile section */
		C21806BB1C47378000404B23 /* main.m in Sources */ = {isa = PBXBuildFile; fileRef = C21806BA1C47378000404B23 /* main.m */; };
		C21806BE1C47378000404B23 /* AppDelegate.m in Sources */ = {isa = PBXBuildFile; fileRef = C21806BD1C47378000404B23 /* AppDelegate.m */; };
		C21806C11C47378000404B23 /* ViewController.m in Sources */ = {isa = PBXBuildFile; fileRef = C21806C01C47378000404B23 /* ViewController.m */; };
		C21806C41C47378000404B23 /* Main.storyboard in Resources */ = {isa = PBXBuildFile; fileRef = C21806C21C47378000404B23 /* Main.storyboard */; };
		C21806C61C47378000404B23 /* Assets.xcassets in Resources */ = {isa = PBXBuildFile; fileRef = C21806C51C47378000404B23 /* Assets.xcassets */; };
		C21806C91C47378000404B23 /* LaunchScreen.storyboard in Resources */ = {isa = PBXBuildFile; fileRef = C21806C71C47378000404B23 /* LaunchScreen.storyboard */; };
/* End PBXBuildFile section */

/* Begin PBXFileReference section */
		C21806B61C47377F00404B23 /* TestForGitHub.app */ = {isa = PBXFileReference; explicitFileType = wrapper.application; includeInIndex = 0; path = TestForGitHub.app; sourceTree = BUILT_PRODUCTS_DIR; };
		C21806BA1C47378000404B23 /* main.m */ = {isa = PBXFileReference; lastKnownFileType = sourcecode.c.objc; path = main.m; sourceTree = "<group>"; };
		C21806BC1C47378000404B23 /* AppDelegate.h */ = {isa = PBXFileReference; lastKnownFileType = sourcecode.c.h; path = AppDelegate.h; sourceTree = "<group>"; };
		C21806BD1C47378000404B23 /* AppDelegate.m */ = {isa = PBXFileReference; lastKnownFileType = sourcecode.c.objc; path = AppDelegate.m; sourceTree = "<group>"; };
		C21806BF1C47378000404B23 /* ViewController.h */ = {isa = PBXFileReference; lastKnownFileType = sourcecode.c.h; path = ViewController.h; sourceTree = "<group>"; };
		C21806C01C47378000404B23 /* ViewController.m */ = {isa = PBXFileReference; lastKnownFileType = sourcecode.c.objc; path = ViewController.m; sourceTree = "<group>"; };
		C21806C31C47378000404B23 /* Base */ = {isa = PBXFileReference; lastKnownFileType = file.storyboard; name = Base; path = Base.lproj/Main.storyboard; sourceTree = "<group>"; };
		C21806C51C47378000404B23 /* Assets.xcassets */ = {isa = PBXFileReference; lastKnownFileType = folder.assetcatalog; path = Assets.xcassets; sourceTree = "<group>"; };
		C21806C81C47378000404B23 /* Base */ = {isa = PBXFileReference; lastKnownFileType = file.storyboard; name = Base; path = Base.lproj/LaunchScreen.storyboard; sourceTree = "<group>"; };
		C21806CA1C47378000404B23 /* Info.plist */ = {isa = PBXFileReference; lastKnownFileType = text.plist.xml; path = Info.plist; sourceTree = "<group>"; };
/* End PBXFileReference section */

/* Begin PBXFrameworksBuildPhase section */
		C21806B31C47377F00404B23 /* Frameworks */ = {
			isa = PBXFrameworksBuildPhase;
			buildActionMask = 2147483647;
			files = (
			);
			runOnlyForDeploymentPostprocessing = 0;
		};
/* End PBXFrameworksBuildPhase section */

/* Begin PBXGroup section */
		C21806AD1C47377F00404B23 = {
			isa = PBXGroup;
			children = (
				C21806B81C47378000404B23 /* TestForGitHub */,
				C21806B71C47377F00404B23 /* Products */,
			);
			sourceTree = "<group>";
		};
		C21806B71C47377F00404B23 /* Products */ = {
			isa = PBXGroup;
			children = (
				C21806B61C47377F00404B23 /* TestForGitHub.app */,
			);
			name = Products;
			sourceTree = "<group>";
		};
		C21806B81C47378000404B23 /* TestForGitHub */ = {
			isa = PBXGroup;
			children = (
				C21806BC1C47378000404B23 /* AppDelegate.h */,
				C21806BD1C47378000404B23 /* AppDelegate.m */,
				C21806BF1C47378000404B23 /* ViewController.h */,
				C21806C01C47378000404B23 /* ViewController.m */,
				C21806C21C47378000404B23 /* Main.storyboard */,
				C21806C51C47378000404B23 /* Assets.xcassets */,
				C21806C71C47378000404B23 /* LaunchScreen.storyboard */,
				C21806CA1C47378000404B23 /* Info.plist */,
				C21806B91C47378000404B23 /* Supporting Files */,
			);
			path = TestForGitHub;
			sourceTree = "<group>";
		};
		C21806B91C47378000404B23 /* Supporting Files */ = {
			isa = PBXGroup;
			children = (
				C21806BA1C47378000404B23 /* main.m */,
			);
			name = "Supporting Files";
			sourceTree = "<group>";
		};
/* End PBXGroup section */

/* Begin PBXNativeTarget section */
		C21806B51C47377F00404B23 /* TestForGitHub */ = {
			isa = PBXNativeTarget;
			buildConfigurationList = C21806CD1C47378000404B23 /* Build configuration list for PBXNativeTarget "TestForGitHub" */;
			buildPhases = (
				C21806B21C47377F00404B23 /* Sources */,
				C21806B31C47377F00404B23 /* Frameworks */,
				C21806B41C47377F00404B23 /* Resources */,
			);
			buildRules = (
			);
			dependencies = (
			);
			name = TestForGitHub;
			productName = TestForGitHub;
			productReference = C21806B61C47377F00404B23 /* TestForGitHub.app */;
			productType = "com.apple.product-type.application";
		};
/* End PBXNativeTarget section */

/* Begin PBXProject section */
		C21806AE1C47377F00404B23 /* Project object */ = {
			isa = PBXProject;
			attributes = {
				LastUpgradeCheck = 0710;
				ORGANIZATIONNAME = "刘鹏飞";
				TargetAttributes = {
					C21806B51C47377F00404B23 = {
						CreatedOnToolsVersion = 7.1.1;
					};
				};
			};
			buildConfigurationList = C21806B11C47377F00404B23 /* Build configuration list for PBXProject "TestForGitHub" */;
			compatibilityVersion = "Xcode 3.2";
			developmentRegion = English;
			hasScannedForEncodings = 0;
			knownRegions = (
				en,
				Base,
			);
			mainGroup = C21806AD1C47377F00404B23;
			productRefGroup = C21806B71C47377F00404B23 /* Products */;
			projectDirPath = "";
			projectRoot = "";
			targets = (
				C21806B51C47377F00404B23 /* TestForGitHub */,
			);
		};
/* End PBXProject section */

/* Begin PBXResourcesBuildPhase section */
		C21806B41C47377F00404B23 /* Resources */ = {
			isa = PBXResourcesBuildPhase;
			buildActionMask = 2147483647;
			files = (
				C21806C91C47378000404B23 /* LaunchScreen.storyboard in Resources */,
				C21806C61C47378000404B23 /* Assets.xcassets in Resources */,
				C21806C41C47378000404B23 /* Main.storyboard in Resources */,
			);
			runOnlyForDeploymentPostprocessing = 0;
		};
/* End PBXResourcesBuildPhase section */

/* Begin PBXSourcesBuildPhase section */
		C21806B21C47377F00404B23 /* Sources */ = {
			isa = PBXSourcesBuildPhase;
			buildActionMask = 2147483647;
			files = (
				C21806C11C47378000404B23 /* ViewController.m in Sources */,
				C21806BE1C47378000404B23 /* AppDelegate.m in Sources */,
				C21806BB1C47378000404B23 /* main.m in Sources */,
			);
			runOnlyForDeploymentPostprocessing = 0;
		};
/* End PBXSourcesBuildPhase section */

/* Begin PBXVariantGroup section */
		C21806C21C47378000404B23 /* Main.storyboard */ = {
			isa = PBXVariantGroup;
			children = (
				C21806C31C47378000404B23 /* Base */,
			);
			name = Main.storyboard;
			sourceTree = "<group>";
		};
		C21806C71C47378000404B23 /* LaunchScreen.storyboard */ = {
			isa = PBXVariantGroup;
			children = (
				C21806C81C47378000404B23 /* Base */,
			);
			name = LaunchScreen.storyboard;
			sourceTree = "<group>";
		};
/* End PBXVariantGroup section */

/* Begin XCBuildConfiguration section */
		C21806CB1C47378000404B23 /* Debug */ = {
			isa = XCBuildConfiguration;
			buildSettings = {
				ALWAYS_SEARCH_USER_PATHS = NO;
				CLANG_CXX_LANGUAGE_STANDARD = "gnu++0x";
				CLANG_CXX_LIBRARY = "libc++";
				CLANG_ENABLE_MODULES = YES;
				CLANG_ENABLE_OBJC_ARC = YES;
				CLANG_WARN_BOOL_CONVERSION = YES;
				CLANG_WARN_CONSTANT_CONVERSION = YES;
				CLANG_WARN_DIRECT_OBJC_ISA_USAGE = YES_ERROR;
				CLANG_WARN_EMPTY_BODY = YES;
				CLANG_WARN_ENUM_CONVERSION = YES;
				CLANG_WARN_INT_CONVERSION = YES;
				CLANG_WARN_OBJC_ROOT_CLASS = YES_ERROR;
				CLANG_WARN_UNREACHABLE_CODE = YES;
				CLANG_WARN__DUPLICATE_METHOD_MATCH = YES;
				"CODE_SIGN_IDENTITY[sdk=iphoneos*]" = "iPhone Developer";
				COPY_PHASE_STRIP = NO;
				DEBUG_INFORMATION_FORMAT = dwarf;
				ENABLE_STRICT_OBJC_MSGSEND = YES;
				ENABLE_TESTABILITY = YES;
				GCC_C_LANGUAGE_STANDARD = gnu99;
				GCC_DYNAMIC_NO_PIC = NO;
				GCC_NO_COMMON_BLOCKS = YES;
				GCC_OPTIMIZATION_LEVEL = 0;
				GCC_PREPROCESSOR_DEFINITIONS = (
					"DEBUG=1",
					"$(inherited)",
				);
				GCC_WARN_64_TO_32_BIT_CONVERSION = YES;
				GCC_WARN_ABOUT_RETURN_TYPE = YES_ERROR;
				GCC_WARN_UNDECLARED_SELECTOR = YES;
				GCC_WARN_UNINITIALIZED_AUTOS = YES_AGGRESSIVE;
				GCC_WARN_UNUSED_FUNCTION = YES;
				GCC_WARN_UNUSED_VARIABLE = YES;
				IPHONEOS_DEPLOYMENT_TARGET = 9.1;
				MTL_ENABLE_DEBUG_INFO = YES;
				ONLY_ACTIVE_ARCH = YES;
				SDKROOT = iphoneos;
				TARGETED_DEVICE_FAMILY = "1,2";
			};
			name = Debug;
		};
		C21806CC1C47378000404B23 /* Release */ = {
			isa = XCBuildConfiguration;
			buildSettings = {
				ALWAYS_SEARCH_USER_PATHS = NO;
				CLANG_CXX_LANGUAGE_STANDARD = "gnu++0x";
				CLANG_CXX_LIBRARY = "libc++";
				CLANG_ENABLE_MODULES = YES;
				CLANG_ENABLE_OBJC_ARC = YES;
				CLANG_WARN_BOOL_CONVERSION = YES;
				CLANG_WARN_CONSTANT_CONVERSION = YES;
				CLANG_WARN_DIRECT_OBJC_ISA_USAGE = YES_ERROR;
				CLANG_WARN_EMPTY_BODY = YES;
				CLANG_WARN_ENUM_CONVERSION = YES;
				CLANG_WARN_INT_CONVERSION = YES;
				CLANG_WARN_OBJC_ROOT_CLASS = YES_ERROR;
				CLANG_WARN_UNREACHABLE_CODE = YES;
				CLANG_WARN__DUPLICATE_METHOD_MATCH = YES;
				"CODE_SIGN_IDENTITY[sdk=iphoneos*]" = "iPhone Developer";
				COPY_PHASE_STRIP = NO;
				DEBUG_INFORMATION_FORMAT = "dwarf-with-dsym";
				ENABLE_NS_ASSERTIONS = NO;
				ENABLE_STRICT_OBJC_MSGSEND = YES;
				GCC_C_LANGUAGE_STANDARD = gnu99;
				GCC_NO_COMMON_BLOCKS = YES;
				GCC_WARN_64_TO_32_BIT_CONVERSION = YES;
				GCC_WARN_ABOUT_RETURN_TYPE = YES_ERROR;
				GCC_WARN_UNDECLARED_SELECTOR = YES;
				GCC_WARN_UNINITIALIZED_AUTOS = YES_AGGRESSIVE;
				GCC_WARN_UNUSED_FUNCTION = YES;
				GCC_WARN_UNUSED_VARIABLE = YES;
				IPHONEOS_DEPLOYMENT_TARGET = 9.1;
				MTL_ENABLE_DEBUG_INFO = NO;
				SDKROOT = iphoneos;
				TARGETED_DEVICE_FAMILY = "1,2";
				VALIDATE_PRODUCT = YES;
			};
			name = Release;
		};
		C21806CE1C47378000404B23 /* Debug */ = {
			isa = XCBuildConfiguration;
			buildSettings = {
				ASSETCATALOG_COMPILER_APPICON_NAME = AppIcon;
				INFOPLIST_FILE = TestForGitHub/Info.plist;
				LD_RUNPATH_SEARCH_PATHS = "$(inherited) @executable_path/Frameworks";
				PRODUCT_BUNDLE_IDENTIFIER = "-72529131.TestForGitHub";
				PRODUCT_NAME = "$(TARGET_NAME)";
			};
			name = Debug;
		};
		C21806CF1C47378000404B23 /* Release */ = {
			isa = XCBuildConfiguration;
			buildSettings = {
				ASSETCATALOG_COMPILER_APPICON_NAME = AppIcon;
				INFOPLIST_FILE = TestForGitHub/Info.plist;
				LD_RUNPATH_SEARCH_PATHS = "$(inherited) @executable_path/Frameworks";
				PRODUCT_BUNDLE_IDENTIFIER = "-72529131.TestForGitHub";
				PRODUCT_NAME = "$(TARGET_NAME)";
			};
			name = Release;
		};
/* End XCBuildConfiguration section */

/* Begin XCConfigurationList section */
		C21806B11C47377F00404B23 /* Build configuration list for PBXProject "TestForGitHub" */ = {
			isa = XCConfigurationList;
			buildConfigurations = (
				C21806CB1C47378000404B23 /* Debug */,
				C21806CC1C47378000404B23 /* Release */,
			);
			defaultConfigurationIsVisible = 0;
			defaultConfigurationName = Release;
		};
		C21806CD1C47378000404B23 /* Build configuration list for PBXNativeTarget "TestForGitHub" */ = {
			isa = XCConfigurationList;
			buildConfigurations = (
				C21806CE1C47378000404B23 /* Debug */,
				C21806CF1C47378000404B23 /* Release */,
			);
			defaultConfigurationIsVisible = 0;
		};
/* End XCConfigurationList section */
	};
	rootObject = C21806AE1C47377F00404B23 /* Project object */;
}
